
Microsoft Visual Studio Solution File, Format Version 12.00
# Visual Studio Version 17
VisualStudioVersion = 17.0.31903.59
MinimumVisualStudioVersion = 10.0.40219.1
Project("{FAE04EC0-301F-11D3-BF4B-00C04F79EFBC}") = "ChangeString", "ChangeString\ChangeString.csproj", "{B170D42B-B8B5-41C5-8626-B1214D634CE3}"
EndProject
Project("{FAE04EC0-301F-11D3-BF4B-00C04F79EFBC}") = "ArraySums", "ArraySums\ArraySums.csproj", "{311709D3-9D71-4B07-9978-422F9FCA3E5B}"
EndProject
Project("{FAE04EC0-301F-11D3-BF4B-00C04F79EFBC}") = "GitBranching", "GitBranching\GitBranching.csproj", "{F5D610BD-E20A-4875-9E75-E856A9035F26}"
EndProject
Project("{FAE04EC0-301F-11D3-BF4B-00C04F79EFBC}") = "PlayerPerks", "PlayerPerks\PlayerPerks.csproj", "{9B6A33C0-9B7F-4338-BE11-CF18BA356B18}"
EndProject
Global
	GlobalSection(SolutionConfigurationPlatforms) = preSolution
		Debug|Any CPU = Debug|Any CPU
		Release|Any CPU = Release|Any CPU
	EndGlobalSection
	GlobalSection(SolutionProperties) = preSolution
		HideSolutionNode = FALSE
	EndGlobalSection
	GlobalSection(ProjectConfigurationPlatforms) = postSolution
		{B170D42B-B8B5-41C5-8626-B1214D634CE3}.Debug|Any CPU.ActiveCfg = Debug|Any CPU
		{B170D42B-B8B5-41C5-8626-B1214D634CE3}.Debug|Any CPU.Build.0 = Debug|Any CPU
		{B170D42B-B8B5-41C5-8626-B1214D634CE3}.Release|Any CPU.ActiveCfg = Release|Any CPU
		{B170D42B-B8B5-41C5-8626-B1214D634CE3}.Release|Any CPU.Build.0 = Release|Any CPU
		{311709D3-9D71-4B07-9978-422F9FCA3E5B}.Debug|Any CPU.ActiveCfg = Debug|Any CPU
		{311709D3-9D71-4B07-9978-422F9FCA3E5B}.Debug|Any CPU.Build.0 = Debug|Any CPU
		{311709D3-9D71-4B07-9978-422F9FCA3E5B}.Release|Any CPU.ActiveCfg = Release|Any CPU
		{311709D3-9D71-4B07-9978-422F9FCA3E5B}.Release|Any CPU.Build.0 = Release|Any CPU
		{F5D610BD-E20A-4875-9E75-E856A9035F26}.Debug|Any CPU.ActiveCfg = Debug|Any CPU
		{F5D610BD-E20A-4875-9E75-E856A9035F26}.Debug|Any CPU.Build.0 = Debug|Any CPU
		{F5D610BD-E20A-4875-9E75-E856A9035F26}.Release|Any CPU.ActiveCfg = Release|Any CPU
		{F5D610BD-E20A-4875-9E75-E856A9035F26}.Release|Any CPU.Build.0 = Release|Any CPU
		{9B6A33C0-9B7F-4338-BE11-CF18BA356B18}.Debug|Any CPU.ActiveCfg = Debug|Any CPU
		{9B6A33C0-9B7F-4338-BE11-CF18BA356B18}.Debug|Any CPU.Build.0 = Debug|Any CPU
		{9B6A33C0-9B7F-4338-BE11-CF18BA356B18}.Release|Any CPU.ActiveCfg = Release|Any CPU
		{9B6A33C0-9B7F-4338-BE11-CF18BA356B18}.Release|Any CPU.Build.0 = Release|Any CPU
	EndGlobalSection
EndGlobal
